{
  "object": {
    "pins": [
      {
        "package": "Geometry",
        "repositoryURL": "git@github.com:RedECSEngine/Geometry.git",
        "state": {
          "branch": null,
          "revision": "7c9ba07e4ee2e09ab8454870c8ede2ad96e544f6",
          "version": "0.0.4"
        }
      },
      {
        "package": "JavaScriptKit",
        "repositoryURL": "https://github.com/swiftwasm/JavaScriptKit",
        "state": {
          "branch": null,
          "revision": "9a3b7d5f316e6d1709bd25e3e0392efca357f525",
          "version": "0.14.0"
        }
      },
      {
        "package": "swift-numerics",
        "repositoryURL": "https://github.com/apple/swift-numerics.git",
        "state": {
          "branch": null,
          "revision": "6583ac70c326c3ee080c1d42d9ca3361dca816cd",
          "version": "0.1.0"
        }
      },
      {
        "package": "SnapshotTesting",
        "repositoryURL": "https://github.com/pointfreeco/swift-snapshot-testing.git",
        "state": {
          "branch": null,
          "revision": "f8a9c997c3c1dab4e216a8ec9014e23144cbab37",
          "version": "1.9.0"
        }
      }
    ]
  },
  "version": 1
}
