{
  "object": {
    "pins": [
      {
        "package": "Geometry",
        "repositoryURL": "git@github.com:RedECSEngine/Geometry.git",
        "state": {
          "branch": null,
          "revision": "90141dd419e1b24816097030ebd4c1a88e70b0df",
          "version": "0.0.2"
        }
      },
      {
        "package": "JavaScriptKit",
        "repositoryURL": "https://github.com/swiftwasm/JavaScriptKit",
        "state": {
          "branch": null,
          "revision": "6c31bad4b1ef18385262f5154845648c8c95ae94",
          "version": "0.12.0"
        }
      }
    ]
  },
  "version": 1
}
