{
  "object": {
    "pins": [
      {
        "package": "Geometry",
        "repositoryURL": "git@github.com:RedECSEngine/Geometry.git",
        "state": {
          "branch": null,
          "revision": "9ca7f69556e373fb69585bd2827036f25456309d",
          "version": "0.0.1"
        }
      }
    ]
  },
  "version": 1
}
